
Microsoft Visual Studio Solution File, Format Version 12.00
# Visual Studio Version 16
VisualStudioVersion = 16.0.30320.27
MinimumVisualStudioVersion = 10.0.40219.1
Project("{8BC9CEB8-8B4A-11D0-8D11-00A0C91BC942}") = "UNFLoader", "UNFLoader.vcxproj", "{3392CF62-D8DC-4B6E-89D5-8CA6CCD864CA}"
EndProject
Global
	GlobalSection(SolutionConfigurationPlatforms) = preSolution
		Debug|Win32 = Debug|Win32
		Debug|x64 = Debug|x64
		Release|Win32 = Release|Win32
		Release|x64 = Release|x64
	EndGlobalSection
	GlobalSection(ProjectConfigurationPlatforms) = postSolution
		{3392CF62-D8DC-4B6E-89D5-8CA6CCD864CA}.Debug|Win32.ActiveCfg = Debug|Win32
		{3392CF62-D8DC-4B6E-89D5-8CA6CCD864CA}.Debug|Win32.Build.0 = Debug|Win32
		{3392CF62-D8DC-4B6E-89D5-8CA6CCD864CA}.Debug|x64.ActiveCfg = Debug|x64
		{3392CF62-D8DC-4B6E-89D5-8CA6CCD864CA}.Debug|x64.Build.0 = Debug|x64
		{3392CF62-D8DC-4B6E-89D5-8CA6CCD864CA}.Release|Win32.ActiveCfg = Release|Win32
		{3392CF62-D8DC-4B6E-89D5-8CA6CCD864CA}.Release|Win32.Build.0 = Release|Win32
		{3392CF62-D8DC-4B6E-89D5-8CA6CCD864CA}.Release|x64.ActiveCfg = Release|x64
		{3392CF62-D8DC-4B6E-89D5-8CA6CCD864CA}.Release|x64.Build.0 = Release|x64
	EndGlobalSection
	GlobalSection(SolutionProperties) = preSolution
		HideSolutionNode = FALSE
	EndGlobalSection
	GlobalSection(ExtensibilityGlobals) = postSolution
		SolutionGuid = {E41D8678-4EC3-4344-AD20-A0EE94C8AEE8}
	EndGlobalSection
EndGlobal
