<?xml version="1.0" encoding="utf-8"?>
<Project ToolsVersion="4.0" xmlns="http://schemas.microsoft.com/developer/msbuild/2003">
  <ItemGroup>
    <ClCompile Include="main.cpp" />
    <ClCompile Include="helper.cpp" />
    <ClCompile Include="term.cpp" />
    <ClCompile Include="include\lodepng.cpp">
      <Filter>Include</Filter>
    </ClCompile>
    <ClCompile Include="device.cpp" />
  </ItemGroup>
  <ItemGroup>
    <ClInclude Include="helper.h" />
    <ClInclude Include="main.h" />
    <ClInclude Include="term.h" />
    <ClInclude Include="include\panel.h">
      <Filter>Include</Filter>
    </ClInclude>
    <ClInclude Include="include\lodepng.h">
      <Filter>Include</Filter>
    </ClInclude>
    <ClInclude Include="include\curspriv.h">
      <Filter>Include</Filter>
    </ClInclude>
    <ClInclude Include="include\ftd2xx.h">
      <Filter>Include</Filter>
    </ClInclude>
    <ClInclude Include="include\curses.h">
      <Filter>Include</Filter>
    </ClInclude>
    <ClInclude Include="device.h" />
    <ClInclude Include="term_internal.h" />
  </ItemGroup>
  <ItemGroup>
    <Library Include="include\pdcurses.lib">
      <Filter>Include</Filter>
    </Library>
    <Library Include="include\ftd2xx.lib">
      <Filter>Include</Filter>
    </Library>
  </ItemGroup>
  <ItemGroup>
    <Filter Include="Include">
      <UniqueIdentifier>{d38ee22a-45ca-42e1-bc7d-048d756773b7}</UniqueIdentifier>
    </Filter>
  </ItemGroup>
</Project>